
Microsoft Visual Studio Solution File, Format Version 12.00
# Visual Studio Version 17
VisualStudioVersion = 17.4.33213.308
MinimumVisualStudioVersion = 10.0.40219.1
Project("{FAE04EC0-301F-11D3-BF4B-00C04F79EFBC}") = "Ex_06", "Ex_06\Ex_06.csproj", "{C13C9542-3E84-434C-84CE-85CEEB5FC503}"
EndProject
Global
	GlobalSection(SolutionConfigurationPlatforms) = preSolution
		Debug|Any CPU = Debug|Any CPU
		Release|Any CPU = Release|Any CPU
	EndGlobalSection
	GlobalSection(ProjectConfigurationPlatforms) = postSolution
		{C13C9542-3E84-434C-84CE-85CEEB5FC503}.Debug|Any CPU.ActiveCfg = Debug|Any CPU
		{C13C9542-3E84-434C-84CE-85CEEB5FC503}.Debug|Any CPU.Build.0 = Debug|Any CPU
		{C13C9542-3E84-434C-84CE-85CEEB5FC503}.Release|Any CPU.ActiveCfg = Release|Any CPU
		{C13C9542-3E84-434C-84CE-85CEEB5FC503}.Release|Any CPU.Build.0 = Release|Any CPU
	EndGlobalSection
	GlobalSection(SolutionProperties) = preSolution
		HideSolutionNode = FALSE
	EndGlobalSection
	GlobalSection(ExtensibilityGlobals) = postSolution
		SolutionGuid = {6568FF1D-C069-4FF4-A073-E8921198E727}
	EndGlobalSection
EndGlobal
