
Microsoft Visual Studio Solution File, Format Version 12.00
# Visual Studio Version 17
VisualStudioVersion = 17.4.33213.308
MinimumVisualStudioVersion = 10.0.40219.1
Project("{FAE04EC0-301F-11D3-BF4B-00C04F79EFBC}") = "Ex_03", "Ex_03\Ex_03.csproj", "{D3A33390-F80A-47B8-81CA-1FFDF99C858E}"
EndProject
Global
	GlobalSection(SolutionConfigurationPlatforms) = preSolution
		Debug|Any CPU = Debug|Any CPU
		Release|Any CPU = Release|Any CPU
	EndGlobalSection
	GlobalSection(ProjectConfigurationPlatforms) = postSolution
		{D3A33390-F80A-47B8-81CA-1FFDF99C858E}.Debug|Any CPU.ActiveCfg = Debug|Any CPU
		{D3A33390-F80A-47B8-81CA-1FFDF99C858E}.Debug|Any CPU.Build.0 = Debug|Any CPU
		{D3A33390-F80A-47B8-81CA-1FFDF99C858E}.Release|Any CPU.ActiveCfg = Release|Any CPU
		{D3A33390-F80A-47B8-81CA-1FFDF99C858E}.Release|Any CPU.Build.0 = Release|Any CPU
	EndGlobalSection
	GlobalSection(SolutionProperties) = preSolution
		HideSolutionNode = FALSE
	EndGlobalSection
	GlobalSection(ExtensibilityGlobals) = postSolution
		SolutionGuid = {6B1FD447-7ECF-4AE7-ACA1-99C4F0318CCB}
	EndGlobalSection
EndGlobal
