
Microsoft Visual Studio Solution File, Format Version 12.00
# Visual Studio Version 17
VisualStudioVersion = 17.4.33213.308
MinimumVisualStudioVersion = 10.0.40219.1
Project("{FAE04EC0-301F-11D3-BF4B-00C04F79EFBC}") = "M01S02-ex02", "FichaInstricao\M01S02-ex02.csproj", "{891E73BC-1697-4D23-924D-19D95275F1BC}"
EndProject
Global
	GlobalSection(SolutionConfigurationPlatforms) = preSolution
		Debug|Any CPU = Debug|Any CPU
		Release|Any CPU = Release|Any CPU
	EndGlobalSection
	GlobalSection(ProjectConfigurationPlatforms) = postSolution
		{891E73BC-1697-4D23-924D-19D95275F1BC}.Debug|Any CPU.ActiveCfg = Debug|Any CPU
		{891E73BC-1697-4D23-924D-19D95275F1BC}.Debug|Any CPU.Build.0 = Debug|Any CPU
		{891E73BC-1697-4D23-924D-19D95275F1BC}.Release|Any CPU.ActiveCfg = Release|Any CPU
		{891E73BC-1697-4D23-924D-19D95275F1BC}.Release|Any CPU.Build.0 = Release|Any CPU
	EndGlobalSection
	GlobalSection(SolutionProperties) = preSolution
		HideSolutionNode = FALSE
	EndGlobalSection
	GlobalSection(ExtensibilityGlobals) = postSolution
		SolutionGuid = {14A9F319-348C-4346-8703-614574E3DDDE}
	EndGlobalSection
EndGlobal
